version: 1.0
shards:
  amber:
    github: amberframework/amber
    version: 0.2.6

  autolink:
    github: crystal-community/autolink.cr
    version: 0.1.3

  baked_file_system:
    github: schovi/baked_file_system
    version: 0.9.4

  callback:
    github: mosop/callback
    version: 0.5.1

  cli:
    github: mosop/cli
    version: 0.5.2

  db:
    github: crystal-lang/crystal-db
    version: 0.4.2

  granite_orm:
    github: kemalyst/granite-orm
    version: 0.7.2

  hashids:
    github: splattael/hashids.cr
    version: 0.2.1

  icr:
    github: TechMagister/crystal-icr
    commit: b28bb938cc9e9e439424217c074a9168d253ba4b

  kemal:
    github: kemalcr/kemal
    version: 0.19.0

  kemal-csrf:
    github: kemalcr/kemal-csrf
    version: 0.2.0

  kemal-session:
    github: kemalcr/kemal-session
    commit: ec08bfe302d6ddbd1b33c5283d56a8b496cdb276

  kilt:
    github: jeromegn/kilt
    version: 0.3.3

  micrate:
    github: juanedi/micrate
    version: 0.3.0

  multi_auth:
    github: msa7/multi_auth
    commit: 2fc4db9b60e63d535289550c62eab4ece94aaf71

  mysql:
    github: crystal-lang/crystal-mysql
    version: 0.3.2

  optarg:
    github: mosop/optarg
    version: 0.4.4

  pg:
    github: will/crystal-pg
    version: 0.13.3

  pool:
    github: ysbaddaden/pool
    version: 0.2.3

  radix:
    github: luislavena/radix
    commit: 211418416adba540b594af2260e1b5d0c8877c9e

  redis:
    github: stefanwille/crystal-redis
    version: 1.8.0

  sentry:
    github: TechMagister/sentry
    commit: a78129ec1e66aa24c91b93199ea187e4793c8d58

  shell-table:
    github: jwaldrip/shell-table.cr
    version: 0.9.1

  sidekiq:
    github: mperham/sidekiq.cr
    commit: d91d68f8064ea83d252a4002cf492f65516c7a70

  slang:
    github: jeromegn/slang
    commit: b817c89c7e5ae39562710c0d6c7f42cee685e14f

  spec2:
    github: waterlink/spec2.cr
    version: 0.11.0

  spinner:
    github: elorest/spinner
    version: 0.1.1

  sqlite3:
    github: crystal-lang/crystal-sqlite3
    version: 0.8.2

  string_inflection:
    github: mosop/string_inflection
    version: 0.2.1

  teeplate:
    github: mosop/teeplate
    version: 0.4.5

  twitter-crystal:
    github: sferik/twitter-crystal
    version: 0.2.0

  webmock:
    github: manastech/webmock.cr
    commit: c673f393a31eac2734c7599897357ef1f3f24011

