version: 1.0
shards:
  amber:
    github: Amber-Crystal/amber
    version: 0.1.6

  autolink:
    github: crystal-announcements/autolink.cr
    version: 0.1.3

  baked_file_system:
    github: schovi/baked_file_system
    version: 0.9.4

  db:
    github: crystal-lang/crystal-db
    version: 0.4.2

  granite_orm:
    github: kemalyst/granite-orm
    version: 0.6.4

  hashids:
    github: splattael/hashids.cr
    version: 0.2.1

  kemal:
    github: kemalcr/kemal
    version: 0.19.0

  kemal-csrf:
    github: kemalcr/kemal-csrf
    version: 0.2.0

  kemal-session:
    github: kemalcr/kemal-session
    commit: 5cb3b5b207db92852651a7b7ec4f95d6478f8580

  kemalyst-validators:
    github: kemalyst/kemalyst-validators
    version: 0.2.0

  kilt:
    github: jeromegn/kilt
    version: 0.3.3

  micrate:
    github: juanedi/micrate
    version: 0.3.0

  multi_auth:
    github: msa7/multi_auth
    commit: 2fc4db9b60e63d535289550c62eab4ece94aaf71

  pg:
    github: will/crystal-pg
    version: 0.13.3

  pool:
    github: ysbaddaden/pool
    version: 0.2.3

  radix:
    github: luislavena/radix
    commit: 211418416adba540b594af2260e1b5d0c8877c9e

  redis:
    github: stefanwille/crystal-redis
    version: 1.8.0

  sidekiq:
    github: mperham/sidekiq.cr
    commit: d91d68f8064ea83d252a4002cf492f65516c7a70

  slang:
    github: jeromegn/slang
    commit: b817c89c7e5ae39562710c0d6c7f42cee685e14f

  spec2:
    github: waterlink/spec2.cr
    version: 0.11.0

  twitter:
    github: crystal-announcements/twitter.cr
    commit: 8008e54c24a715b933b64e974fefa527e769a189

  webmock:
    github: manastech/webmock.cr
    commit: c673f393a31eac2734c7599897357ef1f3f24011

